
Microsoft Visual Studio Solution File, Format Version 12.00
# Visual Studio 15
VisualStudioVersion = 15.0.27428.2015
MinimumVisualStudioVersion = 10.0.40219.1
Project("{8BC9CEB8-8B4A-11D0-8D11-00A0C91BC942}") = "homeworkUI", "homeworkUI.vcxproj", "{FEEE07DB-E6D0-3663-B90C-04622C6F8FF3}"
EndProject
Global
	GlobalSection(SolutionConfigurationPlatforms) = preSolution
		Debug|x64 = Debug|x64
		Release|x64 = Release|x64
	EndGlobalSection
	GlobalSection(ProjectConfigurationPlatforms) = postSolution
		{FEEE07DB-E6D0-3663-B90C-04622C6F8FF3}.Debug|x64.ActiveCfg = Debug|x64
		{FEEE07DB-E6D0-3663-B90C-04622C6F8FF3}.Debug|x64.Build.0 = Debug|x64
		{FEEE07DB-E6D0-3663-B90C-04622C6F8FF3}.Release|x64.ActiveCfg = Release|x64
		{FEEE07DB-E6D0-3663-B90C-04622C6F8FF3}.Release|x64.Build.0 = Release|x64
	EndGlobalSection
	GlobalSection(SolutionProperties) = preSolution
		HideSolutionNode = FALSE
	EndGlobalSection
	GlobalSection(ExtensibilityGlobals) = postSolution
		SolutionGuid = {6065A8BA-FF92-4F31-AD27-7536B6D70B2B}
	EndGlobalSection
EndGlobal
